
Microsoft Visual Studio Solution File, Format Version 12.00
Project("{FAE04EC0-301F-11D3-BF4B-00C04F79EFBC}") = "WebApiConnectLib", "WebApiConnectLib\WebApiConnectLib.csproj", "{4D34B13B-53EB-45D8-A257-3DCEBE74907A}"
EndProject
Project("{FAE04EC0-301F-11D3-BF4B-00C04F79EFBC}") = "WebApiConnectSampleApp", "WebApiConnectSampleApp\WebApiConnectSampleApp.csproj", "{EA6BADB0-9930-452B-8DF8-5141076930BA}"
EndProject
Global
	GlobalSection(SolutionConfigurationPlatforms) = preSolution
		Debug|Any CPU = Debug|Any CPU
		Release|Any CPU = Release|Any CPU
	EndGlobalSection
	GlobalSection(ProjectConfigurationPlatforms) = postSolution
		{4D34B13B-53EB-45D8-A257-3DCEBE74907A}.Debug|Any CPU.ActiveCfg = Debug|Any CPU
		{4D34B13B-53EB-45D8-A257-3DCEBE74907A}.Debug|Any CPU.Build.0 = Debug|Any CPU
		{4D34B13B-53EB-45D8-A257-3DCEBE74907A}.Release|Any CPU.ActiveCfg = Release|Any CPU
		{4D34B13B-53EB-45D8-A257-3DCEBE74907A}.Release|Any CPU.Build.0 = Release|Any CPU
		{EA6BADB0-9930-452B-8DF8-5141076930BA}.Debug|Any CPU.ActiveCfg = Debug|Any CPU
		{EA6BADB0-9930-452B-8DF8-5141076930BA}.Debug|Any CPU.Build.0 = Debug|Any CPU
		{EA6BADB0-9930-452B-8DF8-5141076930BA}.Release|Any CPU.ActiveCfg = Release|Any CPU
		{EA6BADB0-9930-452B-8DF8-5141076930BA}.Release|Any CPU.Build.0 = Release|Any CPU
	EndGlobalSection
EndGlobal
